
Microsoft Visual Studio Solution File, Format Version 12.00
Project("{FAE04EC0-301F-11D3-BF4B-00C04F79EFBC}") = "UwU", "UwU\UwU.csproj", "{0300C5C8-6EF6-4D23-9EEC-3FA8BDC7AA7E}"
EndProject
Global
	GlobalSection(SolutionConfigurationPlatforms) = preSolution
		Debug|Any CPU = Debug|Any CPU
		Release|Any CPU = Release|Any CPU
	EndGlobalSection
	GlobalSection(ProjectConfigurationPlatforms) = postSolution
		{0300C5C8-6EF6-4D23-9EEC-3FA8BDC7AA7E}.Debug|Any CPU.ActiveCfg = Debug|Any CPU
		{0300C5C8-6EF6-4D23-9EEC-3FA8BDC7AA7E}.Debug|Any CPU.Build.0 = Debug|Any CPU
		{0300C5C8-6EF6-4D23-9EEC-3FA8BDC7AA7E}.Release|Any CPU.ActiveCfg = Release|Any CPU
		{0300C5C8-6EF6-4D23-9EEC-3FA8BDC7AA7E}.Release|Any CPU.Build.0 = Release|Any CPU
	EndGlobalSection
EndGlobal
